
Microsoft Visual Studio Solution File, Format Version 12.00
# Visual Studio Version 17
VisualStudioVersion = 17.1.32210.238
MinimumVisualStudioVersion = 10.0.40219.1
Project("{8BC9CEB8-8B4A-11D0-8D11-00A0C91BC942}") = "Problem1", "Problem1\Problem1.vcxproj", "{F4EBA67C-D69F-42CB-A594-7F2E55098D1E}"
EndProject
Project("{8BC9CEB8-8B4A-11D0-8D11-00A0C91BC942}") = "Problem2", "Problem2\Problem2.vcxproj", "{ABB65669-9820-44AA-BDF2-328EA48BDFFD}"
EndProject
Project("{8BC9CEB8-8B4A-11D0-8D11-00A0C91BC942}") = "Problem3", "Problem3\Problem3.vcxproj", "{259C7ACB-4DA4-415A-BC41-03F670046F31}"
EndProject
Project("{8BC9CEB8-8B4A-11D0-8D11-00A0C91BC942}") = "Problem5", "Problem5\Problem5.vcxproj", "{FAF8B15D-FD2F-427E-A253-8C836024E5F4}"
EndProject
Global
	GlobalSection(SolutionConfigurationPlatforms) = preSolution
		Debug|x64 = Debug|x64
		Debug|x86 = Debug|x86
		Release|x64 = Release|x64
		Release|x86 = Release|x86
	EndGlobalSection
	GlobalSection(ProjectConfigurationPlatforms) = postSolution
		{F4EBA67C-D69F-42CB-A594-7F2E55098D1E}.Debug|x64.ActiveCfg = Debug|x64
		{F4EBA67C-D69F-42CB-A594-7F2E55098D1E}.Debug|x64.Build.0 = Debug|x64
		{F4EBA67C-D69F-42CB-A594-7F2E55098D1E}.Debug|x86.ActiveCfg = Debug|Win32
		{F4EBA67C-D69F-42CB-A594-7F2E55098D1E}.Debug|x86.Build.0 = Debug|Win32
		{F4EBA67C-D69F-42CB-A594-7F2E55098D1E}.Release|x64.ActiveCfg = Release|x64
		{F4EBA67C-D69F-42CB-A594-7F2E55098D1E}.Release|x64.Build.0 = Release|x64
		{F4EBA67C-D69F-42CB-A594-7F2E55098D1E}.Release|x86.ActiveCfg = Release|Win32
		{F4EBA67C-D69F-42CB-A594-7F2E55098D1E}.Release|x86.Build.0 = Release|Win32
		{ABB65669-9820-44AA-BDF2-328EA48BDFFD}.Debug|x64.ActiveCfg = Debug|x64
		{ABB65669-9820-44AA-BDF2-328EA48BDFFD}.Debug|x64.Build.0 = Debug|x64
		{ABB65669-9820-44AA-BDF2-328EA48BDFFD}.Debug|x86.ActiveCfg = Debug|Win32
		{ABB65669-9820-44AA-BDF2-328EA48BDFFD}.Debug|x86.Build.0 = Debug|Win32
		{ABB65669-9820-44AA-BDF2-328EA48BDFFD}.Release|x64.ActiveCfg = Release|x64
		{ABB65669-9820-44AA-BDF2-328EA48BDFFD}.Release|x64.Build.0 = Release|x64
		{ABB65669-9820-44AA-BDF2-328EA48BDFFD}.Release|x86.ActiveCfg = Release|Win32
		{ABB65669-9820-44AA-BDF2-328EA48BDFFD}.Release|x86.Build.0 = Release|Win32
		{259C7ACB-4DA4-415A-BC41-03F670046F31}.Debug|x64.ActiveCfg = Debug|x64
		{259C7ACB-4DA4-415A-BC41-03F670046F31}.Debug|x64.Build.0 = Debug|x64
		{259C7ACB-4DA4-415A-BC41-03F670046F31}.Debug|x86.ActiveCfg = Debug|Win32
		{259C7ACB-4DA4-415A-BC41-03F670046F31}.Debug|x86.Build.0 = Debug|Win32
		{259C7ACB-4DA4-415A-BC41-03F670046F31}.Release|x64.ActiveCfg = Release|x64
		{259C7ACB-4DA4-415A-BC41-03F670046F31}.Release|x64.Build.0 = Release|x64
		{259C7ACB-4DA4-415A-BC41-03F670046F31}.Release|x86.ActiveCfg = Release|Win32
		{259C7ACB-4DA4-415A-BC41-03F670046F31}.Release|x86.Build.0 = Release|Win32
		{FAF8B15D-FD2F-427E-A253-8C836024E5F4}.Debug|x64.ActiveCfg = Debug|x64
		{FAF8B15D-FD2F-427E-A253-8C836024E5F4}.Debug|x64.Build.0 = Debug|x64
		{FAF8B15D-FD2F-427E-A253-8C836024E5F4}.Debug|x86.ActiveCfg = Debug|Win32
		{FAF8B15D-FD2F-427E-A253-8C836024E5F4}.Debug|x86.Build.0 = Debug|Win32
		{FAF8B15D-FD2F-427E-A253-8C836024E5F4}.Release|x64.ActiveCfg = Release|x64
		{FAF8B15D-FD2F-427E-A253-8C836024E5F4}.Release|x64.Build.0 = Release|x64
		{FAF8B15D-FD2F-427E-A253-8C836024E5F4}.Release|x86.ActiveCfg = Release|Win32
		{FAF8B15D-FD2F-427E-A253-8C836024E5F4}.Release|x86.Build.0 = Release|Win32
	EndGlobalSection
	GlobalSection(SolutionProperties) = preSolution
		HideSolutionNode = FALSE
	EndGlobalSection
	GlobalSection(ExtensibilityGlobals) = postSolution
		SolutionGuid = {E58A9A68-18BE-4076-8B98-482FDA5FF06F}
	EndGlobalSection
EndGlobal
